
Microsoft Visual Studio Solution File, Format Version 12.00
# Visual Studio Version 17
VisualStudioVersion = 17.4.33213.308
MinimumVisualStudioVersion = 10.0.40219.1
Project("{9A19103F-16F7-4668-BE54-9A1E7A4F7556}") = "test", "test\test.csproj", "{B4A9B498-742A-4C08-85B0-57F16246778A}"
EndProject
Project("{9A19103F-16F7-4668-BE54-9A1E7A4F7556}") = "test.Model", "test.Model\test.Model.csproj", "{C56FE6F4-B16F-4166-A269-A29894D76541}"
EndProject
Project("{9A19103F-16F7-4668-BE54-9A1E7A4F7556}") = "test.DataAccess", "test.DataAccess\test.DataAccess.csproj", "{BCEC7DC8-CFED-4359-BECE-040AC289DA92}"
EndProject
Project("{9A19103F-16F7-4668-BE54-9A1E7A4F7556}") = "test.ViewModel", "test.ViewModel\test.ViewModel.csproj", "{6E04AD57-897B-4F5A-970F-BB09BE21FAF8}"
EndProject
Project("{9A19103F-16F7-4668-BE54-9A1E7A4F7556}") = "test.Test", "test.Test\test.Test.csproj", "{1E8879B4-43C5-49DE-9656-49E03546DD1F}"
EndProject
Global
	GlobalSection(SolutionConfigurationPlatforms) = preSolution
		Debug|Any CPU = Debug|Any CPU
		Release|Any CPU = Release|Any CPU
	EndGlobalSection
	GlobalSection(ProjectConfigurationPlatforms) = postSolution
		{B4A9B498-742A-4C08-85B0-57F16246778A}.Debug|Any CPU.ActiveCfg = Debug|Any CPU
		{B4A9B498-742A-4C08-85B0-57F16246778A}.Debug|Any CPU.Build.0 = Debug|Any CPU
		{B4A9B498-742A-4C08-85B0-57F16246778A}.Release|Any CPU.ActiveCfg = Release|Any CPU
		{B4A9B498-742A-4C08-85B0-57F16246778A}.Release|Any CPU.Build.0 = Release|Any CPU
		{C56FE6F4-B16F-4166-A269-A29894D76541}.Debug|Any CPU.ActiveCfg = Debug|Any CPU
		{C56FE6F4-B16F-4166-A269-A29894D76541}.Debug|Any CPU.Build.0 = Debug|Any CPU
		{C56FE6F4-B16F-4166-A269-A29894D76541}.Release|Any CPU.ActiveCfg = Release|Any CPU
		{C56FE6F4-B16F-4166-A269-A29894D76541}.Release|Any CPU.Build.0 = Release|Any CPU
		{BCEC7DC8-CFED-4359-BECE-040AC289DA92}.Debug|Any CPU.ActiveCfg = Debug|Any CPU
		{BCEC7DC8-CFED-4359-BECE-040AC289DA92}.Debug|Any CPU.Build.0 = Debug|Any CPU
		{BCEC7DC8-CFED-4359-BECE-040AC289DA92}.Release|Any CPU.ActiveCfg = Release|Any CPU
		{BCEC7DC8-CFED-4359-BECE-040AC289DA92}.Release|Any CPU.Build.0 = Release|Any CPU
		{6E04AD57-897B-4F5A-970F-BB09BE21FAF8}.Debug|Any CPU.ActiveCfg = Debug|Any CPU
		{6E04AD57-897B-4F5A-970F-BB09BE21FAF8}.Debug|Any CPU.Build.0 = Debug|Any CPU
		{6E04AD57-897B-4F5A-970F-BB09BE21FAF8}.Release|Any CPU.ActiveCfg = Release|Any CPU
		{6E04AD57-897B-4F5A-970F-BB09BE21FAF8}.Release|Any CPU.Build.0 = Release|Any CPU
		{1E8879B4-43C5-49DE-9656-49E03546DD1F}.Debug|Any CPU.ActiveCfg = Debug|Any CPU
		{1E8879B4-43C5-49DE-9656-49E03546DD1F}.Debug|Any CPU.Build.0 = Debug|Any CPU
		{1E8879B4-43C5-49DE-9656-49E03546DD1F}.Release|Any CPU.ActiveCfg = Release|Any CPU
		{1E8879B4-43C5-49DE-9656-49E03546DD1F}.Release|Any CPU.Build.0 = Release|Any CPU
	EndGlobalSection
	GlobalSection(SolutionProperties) = preSolution
		HideSolutionNode = FALSE
	EndGlobalSection
	GlobalSection(ExtensibilityGlobals) = postSolution
		SolutionGuid = {1F219808-E6E8-4C1D-B846-41F2F7CF20FA}
	EndGlobalSection
EndGlobal
